
Microsoft Visual Studio Solution File, Format Version 12.00
# Visual Studio Version 17
VisualStudioVersion = 17.8.34525.116
MinimumVisualStudioVersion = 10.0.40219.1
Project("{9A19103F-16F7-4668-BE54-9A1E7A4F7556}") = "KpasteCli", "KpasteCli\KpasteCli.csproj", "{DD728A7F-D54A-44BE-9CCE-557E6C148132}"
EndProject
Project("{FAE04EC0-301F-11D3-BF4B-00C04F79EFBC}") = "KpasteCli.Tests", "KpasteCli.Tests\KpasteCli.Tests.csproj", "{C3D8C567-102E-4309-A8EB-9F526D71CE48}"
EndProject
Project("{2150E333-8FDC-42A3-9474-1A3956D46DE8}") = "Solution Items", "Solution Items", "{8EC462FD-D22E-90A8-E5CE-7E832BA40C5D}"
	ProjectSection(SolutionItems) = preProject
		README.md = README.md
	EndProjectSection
EndProject
Project("{C7167F0D-BC9F-4E6E-AFE1-012C56B48DB5}") = "KpasteCli.WindowsApplicationPackaging", "KpasteCli.WindowsApplicationPackaging\KpasteCli.WindowsApplicationPackaging.wapproj", "{5EC238F2-BC74-41BC-B441-2EBD9640D47B}"
EndProject
Global
	GlobalSection(SolutionConfigurationPlatforms) = preSolution
		Debug|Any CPU = Debug|Any CPU
		Debug|ARM64 = Debug|ARM64
		Debug|x64 = Debug|x64
		Debug|x86 = Debug|x86
		Release|Any CPU = Release|Any CPU
		Release|ARM64 = Release|ARM64
		Release|x64 = Release|x64
		Release|x86 = Release|x86
	EndGlobalSection
	GlobalSection(ProjectConfigurationPlatforms) = postSolution
		{DD728A7F-D54A-44BE-9CCE-557E6C148132}.Debug|Any CPU.ActiveCfg = Debug|Any CPU
		{DD728A7F-D54A-44BE-9CCE-557E6C148132}.Debug|Any CPU.Build.0 = Debug|Any CPU
		{DD728A7F-D54A-44BE-9CCE-557E6C148132}.Debug|ARM64.ActiveCfg = Debug|ARM64
		{DD728A7F-D54A-44BE-9CCE-557E6C148132}.Debug|ARM64.Build.0 = Debug|ARM64
		{DD728A7F-D54A-44BE-9CCE-557E6C148132}.Debug|x64.ActiveCfg = Debug|x64
		{DD728A7F-D54A-44BE-9CCE-557E6C148132}.Debug|x64.Build.0 = Debug|x64
		{DD728A7F-D54A-44BE-9CCE-557E6C148132}.Debug|x86.ActiveCfg = Debug|x86
		{DD728A7F-D54A-44BE-9CCE-557E6C148132}.Debug|x86.Build.0 = Debug|x86
		{DD728A7F-D54A-44BE-9CCE-557E6C148132}.Release|Any CPU.ActiveCfg = Release|Any CPU
		{DD728A7F-D54A-44BE-9CCE-557E6C148132}.Release|Any CPU.Build.0 = Release|Any CPU
		{DD728A7F-D54A-44BE-9CCE-557E6C148132}.Release|ARM64.ActiveCfg = Release|ARM64
		{DD728A7F-D54A-44BE-9CCE-557E6C148132}.Release|ARM64.Build.0 = Release|ARM64
		{DD728A7F-D54A-44BE-9CCE-557E6C148132}.Release|x64.ActiveCfg = Release|x64
		{DD728A7F-D54A-44BE-9CCE-557E6C148132}.Release|x64.Build.0 = Release|x64
		{DD728A7F-D54A-44BE-9CCE-557E6C148132}.Release|x86.ActiveCfg = Release|x86
		{DD728A7F-D54A-44BE-9CCE-557E6C148132}.Release|x86.Build.0 = Release|x86
		{C3D8C567-102E-4309-A8EB-9F526D71CE48}.Debug|Any CPU.ActiveCfg = Debug|Any CPU
		{C3D8C567-102E-4309-A8EB-9F526D71CE48}.Debug|Any CPU.Build.0 = Debug|Any CPU
		{C3D8C567-102E-4309-A8EB-9F526D71CE48}.Debug|ARM64.ActiveCfg = Debug|ARM64
		{C3D8C567-102E-4309-A8EB-9F526D71CE48}.Debug|ARM64.Build.0 = Debug|ARM64
		{C3D8C567-102E-4309-A8EB-9F526D71CE48}.Debug|x64.ActiveCfg = Debug|x64
		{C3D8C567-102E-4309-A8EB-9F526D71CE48}.Debug|x64.Build.0 = Debug|x64
		{C3D8C567-102E-4309-A8EB-9F526D71CE48}.Debug|x86.ActiveCfg = Debug|x86
		{C3D8C567-102E-4309-A8EB-9F526D71CE48}.Debug|x86.Build.0 = Debug|x86
		{C3D8C567-102E-4309-A8EB-9F526D71CE48}.Release|Any CPU.ActiveCfg = Release|Any CPU
		{C3D8C567-102E-4309-A8EB-9F526D71CE48}.Release|Any CPU.Build.0 = Release|Any CPU
		{C3D8C567-102E-4309-A8EB-9F526D71CE48}.Release|ARM64.ActiveCfg = Release|ARM64
		{C3D8C567-102E-4309-A8EB-9F526D71CE48}.Release|ARM64.Build.0 = Release|ARM64
		{C3D8C567-102E-4309-A8EB-9F526D71CE48}.Release|x64.ActiveCfg = Release|x64
		{C3D8C567-102E-4309-A8EB-9F526D71CE48}.Release|x64.Build.0 = Release|x64
		{C3D8C567-102E-4309-A8EB-9F526D71CE48}.Release|x86.ActiveCfg = Release|x86
		{C3D8C567-102E-4309-A8EB-9F526D71CE48}.Release|x86.Build.0 = Release|x86
		{5EC238F2-BC74-41BC-B441-2EBD9640D47B}.Debug|Any CPU.ActiveCfg = Debug|Any CPU
		{5EC238F2-BC74-41BC-B441-2EBD9640D47B}.Debug|Any CPU.Build.0 = Debug|Any CPU
		{5EC238F2-BC74-41BC-B441-2EBD9640D47B}.Debug|Any CPU.Deploy.0 = Debug|Any CPU
		{5EC238F2-BC74-41BC-B441-2EBD9640D47B}.Debug|ARM64.ActiveCfg = Debug|ARM64
		{5EC238F2-BC74-41BC-B441-2EBD9640D47B}.Debug|ARM64.Build.0 = Debug|ARM64
		{5EC238F2-BC74-41BC-B441-2EBD9640D47B}.Debug|ARM64.Deploy.0 = Debug|ARM64
		{5EC238F2-BC74-41BC-B441-2EBD9640D47B}.Debug|x64.ActiveCfg = Debug|x64
		{5EC238F2-BC74-41BC-B441-2EBD9640D47B}.Debug|x64.Build.0 = Debug|x64
		{5EC238F2-BC74-41BC-B441-2EBD9640D47B}.Debug|x64.Deploy.0 = Debug|x64
		{5EC238F2-BC74-41BC-B441-2EBD9640D47B}.Debug|x86.ActiveCfg = Debug|x86
		{5EC238F2-BC74-41BC-B441-2EBD9640D47B}.Debug|x86.Build.0 = Debug|x86
		{5EC238F2-BC74-41BC-B441-2EBD9640D47B}.Debug|x86.Deploy.0 = Debug|x86
		{5EC238F2-BC74-41BC-B441-2EBD9640D47B}.Release|Any CPU.ActiveCfg = Release|Any CPU
		{5EC238F2-BC74-41BC-B441-2EBD9640D47B}.Release|Any CPU.Build.0 = Release|Any CPU
		{5EC238F2-BC74-41BC-B441-2EBD9640D47B}.Release|Any CPU.Deploy.0 = Release|Any CPU
		{5EC238F2-BC74-41BC-B441-2EBD9640D47B}.Release|ARM64.ActiveCfg = Release|ARM64
		{5EC238F2-BC74-41BC-B441-2EBD9640D47B}.Release|ARM64.Build.0 = Release|ARM64
		{5EC238F2-BC74-41BC-B441-2EBD9640D47B}.Release|ARM64.Deploy.0 = Release|ARM64
		{5EC238F2-BC74-41BC-B441-2EBD9640D47B}.Release|x64.ActiveCfg = Release|x64
		{5EC238F2-BC74-41BC-B441-2EBD9640D47B}.Release|x64.Build.0 = Release|x64
		{5EC238F2-BC74-41BC-B441-2EBD9640D47B}.Release|x64.Deploy.0 = Release|x64
		{5EC238F2-BC74-41BC-B441-2EBD9640D47B}.Release|x86.ActiveCfg = Release|x86
		{5EC238F2-BC74-41BC-B441-2EBD9640D47B}.Release|x86.Build.0 = Release|x86
		{5EC238F2-BC74-41BC-B441-2EBD9640D47B}.Release|x86.Deploy.0 = Release|x86
	EndGlobalSection
	GlobalSection(SolutionProperties) = preSolution
		HideSolutionNode = FALSE
	EndGlobalSection
	GlobalSection(ExtensibilityGlobals) = postSolution
		SolutionGuid = {708F5104-AAAD-49D6-A160-4129E461FE7A}
	EndGlobalSection
EndGlobal
